
Microsoft Visual Studio Solution File, Format Version 12.00
# Visual Studio Version 17
VisualStudioVersion = 17.0.31903.59
MinimumVisualStudioVersion = 10.0.40219.1
Project("{2150E333-8FDC-42A3-9474-1A3956D46DE8}") = "Services", "Services", "{21960EAA-5E8C-46D9-9CB1-046C7B8FC570}"
EndProject
Project("{2150E333-8FDC-42A3-9474-1A3956D46DE8}") = "Order", "Order", "{FA91CC1F-8F07-4E09-8C96-269AA800308A}"
EndProject
Project("{FAE04EC0-301F-11D3-BF4B-00C04F79EFBC}") = "Order.API", "Services\Order\Order.API\Order.API.csproj", "{05A339C4-6D22-4E22-BC2D-B7000936A731}"
EndProject
Project("{FAE04EC0-301F-11D3-BF4B-00C04F79EFBC}") = "Order.API.Tests", "Services\Order\Order.API.Tests\Order.API.Tests.csproj", "{555DB4D5-3355-4198-AF52-4DE1684BBCDA}"
EndProject
Project("{2150E333-8FDC-42A3-9474-1A3956D46DE8}") = "Common", "Common", "{EABE68F1-752B-4DB3-8370-B4D3337B849A}"
EndProject
Project("{FAE04EC0-301F-11D3-BF4B-00C04F79EFBC}") = "Domain.Common", "Common\Domain.Common\Domain.Common.csproj", "{82BB51A4-94C1-4D9B-A098-AF5D51182C78}"
EndProject
Project("{FAE04EC0-301F-11D3-BF4B-00C04F79EFBC}") = "Domain.Common.Tests", "Common\Domain.Common.Tests\Domain.Common.Tests.csproj", "{FF24F2AC-CBB1-477D-90D3-2F446F413BAE}"
EndProject
Project("{2150E333-8FDC-42A3-9474-1A3956D46DE8}") = "Kitchen", "Kitchen", "{B1969E8A-CDB0-41A5-A6D1-C086028B134A}"
EndProject
Project("{FAE04EC0-301F-11D3-BF4B-00C04F79EFBC}") = "Kitchen.Tests", "Services\Kitchen\Kitchen.Tests\Kitchen.Tests.csproj", "{B932BF2E-1C28-4256-A5B9-6FEDA2412313}"
EndProject
Project("{FAE04EC0-301F-11D3-BF4B-00C04F79EFBC}") = "Kitchen", "Services\Kitchen\Kitchen\Kitchen.csproj", "{EC0480B0-7D0E-4B23-BD5E-70581601D6F4}"
EndProject
Global
	GlobalSection(SolutionProperties) = preSolution
		HideSolutionNode = FALSE
	EndGlobalSection
	GlobalSection(SolutionConfigurationPlatforms) = preSolution
		Debug|Any CPU = Debug|Any CPU
		Debug|x64 = Debug|x64
		Debug|x86 = Debug|x86
		Release|Any CPU = Release|Any CPU
		Release|x64 = Release|x64
		Release|x86 = Release|x86
	EndGlobalSection
	GlobalSection(ProjectConfigurationPlatforms) = postSolution
		{05A339C4-6D22-4E22-BC2D-B7000936A731}.Debug|Any CPU.ActiveCfg = Debug|Any CPU
		{05A339C4-6D22-4E22-BC2D-B7000936A731}.Debug|Any CPU.Build.0 = Debug|Any CPU
		{05A339C4-6D22-4E22-BC2D-B7000936A731}.Debug|x64.ActiveCfg = Debug|Any CPU
		{05A339C4-6D22-4E22-BC2D-B7000936A731}.Debug|x64.Build.0 = Debug|Any CPU
		{05A339C4-6D22-4E22-BC2D-B7000936A731}.Debug|x86.ActiveCfg = Debug|Any CPU
		{05A339C4-6D22-4E22-BC2D-B7000936A731}.Debug|x86.Build.0 = Debug|Any CPU
		{05A339C4-6D22-4E22-BC2D-B7000936A731}.Release|Any CPU.ActiveCfg = Release|Any CPU
		{05A339C4-6D22-4E22-BC2D-B7000936A731}.Release|Any CPU.Build.0 = Release|Any CPU
		{05A339C4-6D22-4E22-BC2D-B7000936A731}.Release|x64.ActiveCfg = Release|Any CPU
		{05A339C4-6D22-4E22-BC2D-B7000936A731}.Release|x64.Build.0 = Release|Any CPU
		{05A339C4-6D22-4E22-BC2D-B7000936A731}.Release|x86.ActiveCfg = Release|Any CPU
		{05A339C4-6D22-4E22-BC2D-B7000936A731}.Release|x86.Build.0 = Release|Any CPU
		{555DB4D5-3355-4198-AF52-4DE1684BBCDA}.Debug|Any CPU.ActiveCfg = Debug|Any CPU
		{555DB4D5-3355-4198-AF52-4DE1684BBCDA}.Debug|Any CPU.Build.0 = Debug|Any CPU
		{555DB4D5-3355-4198-AF52-4DE1684BBCDA}.Debug|x64.ActiveCfg = Debug|Any CPU
		{555DB4D5-3355-4198-AF52-4DE1684BBCDA}.Debug|x64.Build.0 = Debug|Any CPU
		{555DB4D5-3355-4198-AF52-4DE1684BBCDA}.Debug|x86.ActiveCfg = Debug|Any CPU
		{555DB4D5-3355-4198-AF52-4DE1684BBCDA}.Debug|x86.Build.0 = Debug|Any CPU
		{555DB4D5-3355-4198-AF52-4DE1684BBCDA}.Release|Any CPU.ActiveCfg = Release|Any CPU
		{555DB4D5-3355-4198-AF52-4DE1684BBCDA}.Release|Any CPU.Build.0 = Release|Any CPU
		{555DB4D5-3355-4198-AF52-4DE1684BBCDA}.Release|x64.ActiveCfg = Release|Any CPU
		{555DB4D5-3355-4198-AF52-4DE1684BBCDA}.Release|x64.Build.0 = Release|Any CPU
		{555DB4D5-3355-4198-AF52-4DE1684BBCDA}.Release|x86.ActiveCfg = Release|Any CPU
		{555DB4D5-3355-4198-AF52-4DE1684BBCDA}.Release|x86.Build.0 = Release|Any CPU
		{82BB51A4-94C1-4D9B-A098-AF5D51182C78}.Debug|Any CPU.ActiveCfg = Debug|Any CPU
		{82BB51A4-94C1-4D9B-A098-AF5D51182C78}.Debug|Any CPU.Build.0 = Debug|Any CPU
		{82BB51A4-94C1-4D9B-A098-AF5D51182C78}.Debug|x64.ActiveCfg = Debug|Any CPU
		{82BB51A4-94C1-4D9B-A098-AF5D51182C78}.Debug|x64.Build.0 = Debug|Any CPU
		{82BB51A4-94C1-4D9B-A098-AF5D51182C78}.Debug|x86.ActiveCfg = Debug|Any CPU
		{82BB51A4-94C1-4D9B-A098-AF5D51182C78}.Debug|x86.Build.0 = Debug|Any CPU
		{82BB51A4-94C1-4D9B-A098-AF5D51182C78}.Release|Any CPU.ActiveCfg = Release|Any CPU
		{82BB51A4-94C1-4D9B-A098-AF5D51182C78}.Release|Any CPU.Build.0 = Release|Any CPU
		{82BB51A4-94C1-4D9B-A098-AF5D51182C78}.Release|x64.ActiveCfg = Release|Any CPU
		{82BB51A4-94C1-4D9B-A098-AF5D51182C78}.Release|x64.Build.0 = Release|Any CPU
		{82BB51A4-94C1-4D9B-A098-AF5D51182C78}.Release|x86.ActiveCfg = Release|Any CPU
		{82BB51A4-94C1-4D9B-A098-AF5D51182C78}.Release|x86.Build.0 = Release|Any CPU
		{FF24F2AC-CBB1-477D-90D3-2F446F413BAE}.Debug|Any CPU.ActiveCfg = Debug|Any CPU
		{FF24F2AC-CBB1-477D-90D3-2F446F413BAE}.Debug|Any CPU.Build.0 = Debug|Any CPU
		{FF24F2AC-CBB1-477D-90D3-2F446F413BAE}.Debug|x64.ActiveCfg = Debug|Any CPU
		{FF24F2AC-CBB1-477D-90D3-2F446F413BAE}.Debug|x64.Build.0 = Debug|Any CPU
		{FF24F2AC-CBB1-477D-90D3-2F446F413BAE}.Debug|x86.ActiveCfg = Debug|Any CPU
		{FF24F2AC-CBB1-477D-90D3-2F446F413BAE}.Debug|x86.Build.0 = Debug|Any CPU
		{FF24F2AC-CBB1-477D-90D3-2F446F413BAE}.Release|Any CPU.ActiveCfg = Release|Any CPU
		{FF24F2AC-CBB1-477D-90D3-2F446F413BAE}.Release|Any CPU.Build.0 = Release|Any CPU
		{FF24F2AC-CBB1-477D-90D3-2F446F413BAE}.Release|x64.ActiveCfg = Release|Any CPU
		{FF24F2AC-CBB1-477D-90D3-2F446F413BAE}.Release|x64.Build.0 = Release|Any CPU
		{FF24F2AC-CBB1-477D-90D3-2F446F413BAE}.Release|x86.ActiveCfg = Release|Any CPU
		{FF24F2AC-CBB1-477D-90D3-2F446F413BAE}.Release|x86.Build.0 = Release|Any CPU
		{B932BF2E-1C28-4256-A5B9-6FEDA2412313}.Debug|Any CPU.ActiveCfg = Debug|Any CPU
		{B932BF2E-1C28-4256-A5B9-6FEDA2412313}.Debug|Any CPU.Build.0 = Debug|Any CPU
		{B932BF2E-1C28-4256-A5B9-6FEDA2412313}.Debug|x64.ActiveCfg = Debug|Any CPU
		{B932BF2E-1C28-4256-A5B9-6FEDA2412313}.Debug|x64.Build.0 = Debug|Any CPU
		{B932BF2E-1C28-4256-A5B9-6FEDA2412313}.Debug|x86.ActiveCfg = Debug|Any CPU
		{B932BF2E-1C28-4256-A5B9-6FEDA2412313}.Debug|x86.Build.0 = Debug|Any CPU
		{B932BF2E-1C28-4256-A5B9-6FEDA2412313}.Release|Any CPU.ActiveCfg = Release|Any CPU
		{B932BF2E-1C28-4256-A5B9-6FEDA2412313}.Release|Any CPU.Build.0 = Release|Any CPU
		{B932BF2E-1C28-4256-A5B9-6FEDA2412313}.Release|x64.ActiveCfg = Release|Any CPU
		{B932BF2E-1C28-4256-A5B9-6FEDA2412313}.Release|x64.Build.0 = Release|Any CPU
		{B932BF2E-1C28-4256-A5B9-6FEDA2412313}.Release|x86.ActiveCfg = Release|Any CPU
		{B932BF2E-1C28-4256-A5B9-6FEDA2412313}.Release|x86.Build.0 = Release|Any CPU
		{EC0480B0-7D0E-4B23-BD5E-70581601D6F4}.Debug|Any CPU.ActiveCfg = Debug|Any CPU
		{EC0480B0-7D0E-4B23-BD5E-70581601D6F4}.Debug|Any CPU.Build.0 = Debug|Any CPU
		{EC0480B0-7D0E-4B23-BD5E-70581601D6F4}.Debug|x64.ActiveCfg = Debug|Any CPU
		{EC0480B0-7D0E-4B23-BD5E-70581601D6F4}.Debug|x64.Build.0 = Debug|Any CPU
		{EC0480B0-7D0E-4B23-BD5E-70581601D6F4}.Debug|x86.ActiveCfg = Debug|Any CPU
		{EC0480B0-7D0E-4B23-BD5E-70581601D6F4}.Debug|x86.Build.0 = Debug|Any CPU
		{EC0480B0-7D0E-4B23-BD5E-70581601D6F4}.Release|Any CPU.ActiveCfg = Release|Any CPU
		{EC0480B0-7D0E-4B23-BD5E-70581601D6F4}.Release|Any CPU.Build.0 = Release|Any CPU
		{EC0480B0-7D0E-4B23-BD5E-70581601D6F4}.Release|x64.ActiveCfg = Release|Any CPU
		{EC0480B0-7D0E-4B23-BD5E-70581601D6F4}.Release|x64.Build.0 = Release|Any CPU
		{EC0480B0-7D0E-4B23-BD5E-70581601D6F4}.Release|x86.ActiveCfg = Release|Any CPU
		{EC0480B0-7D0E-4B23-BD5E-70581601D6F4}.Release|x86.Build.0 = Release|Any CPU
	EndGlobalSection
	GlobalSection(NestedProjects) = preSolution
		{FA91CC1F-8F07-4E09-8C96-269AA800308A} = {21960EAA-5E8C-46D9-9CB1-046C7B8FC570}
		{05A339C4-6D22-4E22-BC2D-B7000936A731} = {FA91CC1F-8F07-4E09-8C96-269AA800308A}
		{555DB4D5-3355-4198-AF52-4DE1684BBCDA} = {FA91CC1F-8F07-4E09-8C96-269AA800308A}
		{82BB51A4-94C1-4D9B-A098-AF5D51182C78} = {EABE68F1-752B-4DB3-8370-B4D3337B849A}
		{FF24F2AC-CBB1-477D-90D3-2F446F413BAE} = {EABE68F1-752B-4DB3-8370-B4D3337B849A}
		{B1969E8A-CDB0-41A5-A6D1-C086028B134A} = {21960EAA-5E8C-46D9-9CB1-046C7B8FC570}
		{B932BF2E-1C28-4256-A5B9-6FEDA2412313} = {B1969E8A-CDB0-41A5-A6D1-C086028B134A}
		{EC0480B0-7D0E-4B23-BD5E-70581601D6F4} = {B1969E8A-CDB0-41A5-A6D1-C086028B134A}
	EndGlobalSection
EndGlobal
